// !$*UTF8*$!
{
	archiveVersion = 1;
	classes = {
	};
	objectVersion = 48;
	objects = {

/* Begin PBXBuildFile section */
		5291B73F1FC6CD1A0040EF42 /* LRCPaser.swift in Sources */ = {isa = PBXBuildFile; fileRef = 5291B73E1FC6CD1A0040EF42 /* LRCPaser.swift */; };
		5291B7411FC7D0C60040EF42 /* LRCPaserTests.swift in Sources */ = {isa = PBXBuildFile; fileRef = 5291B7401FC7D0C60040EF42 /* LRCPaserTests.swift */; };
		5291B7461FC7FEC40040EF42 /* PaserBaseTestCase.swift in Sources */ = {isa = PBXBuildFile; fileRef = 5291B7451FC7FEC40040EF42 /* PaserBaseTestCase.swift */; };
		5291B7481FC813920040EF42 /* PaserProtocol.swift in Sources */ = {isa = PBXBuildFile; fileRef = 5291B7471FC813920040EF42 /* PaserProtocol.swift */; };
		5291B74A1FC817EE0040EF42 /* LRCLineModel.swift in Sources */ = {isa = PBXBuildFile; fileRef = 5291B7491FC817EE0040EF42 /* LRCLineModel.swift */; };
		5291B74C1FC9AAD30040EF42 /* KSCPaserTests.swift in Sources */ = {isa = PBXBuildFile; fileRef = 5291B74B1FC9AAD30040EF42 /* KSCPaserTests.swift */; };
		52DF765B1F9B8CFE004216A7 /* LyricsView.swift in Sources */ = {isa = PBXBuildFile; fileRef = 52DF765A1F9B8CFE004216A7 /* LyricsView.swift */; };
		52DF76601F9B908E004216A7 /* LyricsProtocol.swift in Sources */ = {isa = PBXBuildFile; fileRef = 52DF765C1F9B908E004216A7 /* LyricsProtocol.swift */; };
		52DF76621F9B908E004216A7 /* KSCPaser.swift in Sources */ = {isa = PBXBuildFile; fileRef = 52DF765E1F9B908E004216A7 /* KSCPaser.swift */; };
		52DF76631F9B908E004216A7 /* KSCModel.swift in Sources */ = {isa = PBXBuildFile; fileRef = 52DF765F1F9B908E004216A7 /* KSCModel.swift */; };
		52DF76661F9B9EF6004216A7 /* LyricsTableViewCell.swift in Sources */ = {isa = PBXBuildFile; fileRef = 52DF76651F9B9EF6004216A7 /* LyricsTableViewCell.swift */; };
		52E40ECB1F99EF25005DCD84 /* LyricsView.framework in Frameworks */ = {isa = PBXBuildFile; fileRef = 52E40EC11F99EF25005DCD84 /* LyricsView.framework */; };
		52E40ED01F99EF25005DCD84 /* LyricsViewTests.swift in Sources */ = {isa = PBXBuildFile; fileRef = 52E40ECF1F99EF25005DCD84 /* LyricsViewTests.swift */; };
		52E40ED21F99EF25005DCD84 /* LyricsView.h in Headers */ = {isa = PBXBuildFile; fileRef = 52E40EC41F99EF25005DCD84 /* LyricsView.h */; settings = {ATTRIBUTES = (Public, ); }; };
		52E40F001F99F26A005DCD84 /* LyricsLabel.swift in Sources */ = {isa = PBXBuildFile; fileRef = 52E40EFF1F99F26A005DCD84 /* LyricsLabel.swift */; };
/* End PBXBuildFile section */

/* Begin PBXContainerItemProxy section */
		52E40ECC1F99EF25005DCD84 /* PBXContainerItemProxy */ = {
			isa = PBXContainerItemProxy;
			containerPortal = 52E40EB81F99EF25005DCD84 /* Project object */;
			proxyType = 1;
			remoteGlobalIDString = 52E40EC01F99EF25005DCD84;
			remoteInfo = LyricsView;
		};
/* End PBXContainerItemProxy section */

/* Begin PBXFileReference section */
		5291B73E1FC6CD1A0040EF42 /* LRCPaser.swift */ = {isa = PBXFileReference; lastKnownFileType = sourcecode.swift; path = LRCPaser.swift; sourceTree = "<group>"; };
		5291B7401FC7D0C60040EF42 /* LRCPaserTests.swift */ = {isa = PBXFileReference; lastKnownFileType = sourcecode.swift; path = LRCPaserTests.swift; sourceTree = "<group>"; };
		5291B7451FC7FEC40040EF42 /* PaserBaseTestCase.swift */ = {isa = PBXFileReference; lastKnownFileType = sourcecode.swift; path = PaserBaseTestCase.swift; sourceTree = "<group>"; };
		5291B7471FC813920040EF42 /* PaserProtocol.swift */ = {isa = PBXFileReference; lastKnownFileType = sourcecode.swift; path = PaserProtocol.swift; sourceTree = "<group>"; };
		5291B7491FC817EE0040EF42 /* LRCLineModel.swift */ = {isa = PBXFileReference; lastKnownFileType = sourcecode.swift; path = LRCLineModel.swift; sourceTree = "<group>"; };
		5291B74B1FC9AAD30040EF42 /* KSCPaserTests.swift */ = {isa = PBXFileReference; lastKnownFileType = sourcecode.swift; path = KSCPaserTests.swift; sourceTree = "<group>"; };
		52DF765A1F9B8CFE004216A7 /* LyricsView.swift */ = {isa = PBXFileReference; lastKnownFileType = sourcecode.swift; path = LyricsView.swift; sourceTree = "<group>"; };
		52DF765C1F9B908E004216A7 /* LyricsProtocol.swift */ = {isa = PBXFileReference; lastKnownFileType = sourcecode.swift; path = LyricsProtocol.swift; sourceTree = "<group>"; };
		52DF765E1F9B908E004216A7 /* KSCPaser.swift */ = {isa = PBXFileReference; lastKnownFileType = sourcecode.swift; path = KSCPaser.swift; sourceTree = "<group>"; };
		52DF765F1F9B908E004216A7 /* KSCModel.swift */ = {isa = PBXFileReference; lastKnownFileType = sourcecode.swift; path = KSCModel.swift; sourceTree = "<group>"; };
		52DF76651F9B9EF6004216A7 /* LyricsTableViewCell.swift */ = {isa = PBXFileReference; lastKnownFileType = sourcecode.swift; path = LyricsTableViewCell.swift; sourceTree = "<group>"; };
		52E40EC11F99EF25005DCD84 /* LyricsView.framework */ = {isa = PBXFileReference; explicitFileType = wrapper.framework; includeInIndex = 0; path = LyricsView.framework; sourceTree = BUILT_PRODUCTS_DIR; };
		52E40EC41F99EF25005DCD84 /* LyricsView.h */ = {isa = PBXFileReference; lastKnownFileType = sourcecode.c.h; path = LyricsView.h; sourceTree = "<group>"; };
		52E40EC51F99EF25005DCD84 /* Info.plist */ = {isa = PBXFileReference; lastKnownFileType = text.plist.xml; path = Info.plist; sourceTree = "<group>"; };
		52E40ECA1F99EF25005DCD84 /* LyricsViewTests.xctest */ = {isa = PBXFileReference; explicitFileType = wrapper.cfbundle; includeInIndex = 0; path = LyricsViewTests.xctest; sourceTree = BUILT_PRODUCTS_DIR; };
		52E40ECF1F99EF25005DCD84 /* LyricsViewTests.swift */ = {isa = PBXFileReference; lastKnownFileType = sourcecode.swift; path = LyricsViewTests.swift; sourceTree = "<group>"; };
		52E40ED11F99EF25005DCD84 /* Info.plist */ = {isa = PBXFileReference; lastKnownFileType = text.plist.xml; path = Info.plist; sourceTree = "<group>"; };
		52E40EFF1F99F26A005DCD84 /* LyricsLabel.swift */ = {isa = PBXFileReference; lastKnownFileType = sourcecode.swift; path = LyricsLabel.swift; sourceTree = "<group>"; };
/* End PBXFileReference section */

/* Begin PBXFrameworksBuildPhase section */
		52E40EBD1F99EF25005DCD84 /* Frameworks */ = {
			isa = PBXFrameworksBuildPhase;
			buildActionMask = 2147483647;
			files = (
			);
			runOnlyForDeploymentPostprocessing = 0;
		};
		52E40EC71F99EF25005DCD84 /* Frameworks */ = {
			isa = PBXFrameworksBuildPhase;
			buildActionMask = 2147483647;
			files = (
				52E40ECB1F99EF25005DCD84 /* LyricsView.framework in Frameworks */,
			);
			runOnlyForDeploymentPostprocessing = 0;
		};
/* End PBXFrameworksBuildPhase section */

/* Begin PBXGroup section */
		5291B73D1FC6CCE70040EF42 /* LRCPaser */ = {
			isa = PBXGroup;
			children = (
				5291B73E1FC6CD1A0040EF42 /* LRCPaser.swift */,
				5291B7491FC817EE0040EF42 /* LRCLineModel.swift */,
			);
			path = LRCPaser;
			sourceTree = "<group>";
		};
		52DF76641F9B9097004216A7 /* KSCPaser */ = {
			isa = PBXGroup;
			children = (
				52DF765F1F9B908E004216A7 /* KSCModel.swift */,
				52DF765E1F9B908E004216A7 /* KSCPaser.swift */,
			);
			path = KSCPaser;
			sourceTree = "<group>";
		};
		52E40EB71F99EF25005DCD84 = {
			isa = PBXGroup;
			children = (
				52E40EC31F99EF25005DCD84 /* Source */,
				52E40ECE1F99EF25005DCD84 /* LyricsViewTests */,
				52E40EC21F99EF25005DCD84 /* Products */,
			);
			sourceTree = "<group>";
		};
		52E40EC21F99EF25005DCD84 /* Products */ = {
			isa = PBXGroup;
			children = (
				52E40EC11F99EF25005DCD84 /* LyricsView.framework */,
				52E40ECA1F99EF25005DCD84 /* LyricsViewTests.xctest */,
			);
			name = Products;
			sourceTree = "<group>";
		};
		52E40EC31F99EF25005DCD84 /* Source */ = {
			isa = PBXGroup;
			children = (
				5291B73D1FC6CCE70040EF42 /* LRCPaser */,
				52DF76641F9B9097004216A7 /* KSCPaser */,
				52E40EFF1F99F26A005DCD84 /* LyricsLabel.swift */,
				52DF765A1F9B8CFE004216A7 /* LyricsView.swift */,
				52DF765C1F9B908E004216A7 /* LyricsProtocol.swift */,
				52DF76651F9B9EF6004216A7 /* LyricsTableViewCell.swift */,
				5291B7471FC813920040EF42 /* PaserProtocol.swift */,
				52E40EFE1F99F1FE005DCD84 /* Supporting Files */,
			);
			path = Source;
			sourceTree = "<group>";
		};
		52E40ECE1F99EF25005DCD84 /* LyricsViewTests */ = {
			isa = PBXGroup;
			children = (
				52E40ECF1F99EF25005DCD84 /* LyricsViewTests.swift */,
				5291B7401FC7D0C60040EF42 /* LRCPaserTests.swift */,
				5291B74B1FC9AAD30040EF42 /* KSCPaserTests.swift */,
				5291B7451FC7FEC40040EF42 /* PaserBaseTestCase.swift */,
				52E40ED11F99EF25005DCD84 /* Info.plist */,
			);
			path = LyricsViewTests;
			sourceTree = "<group>";
		};
		52E40EFE1F99F1FE005DCD84 /* Supporting Files */ = {
			isa = PBXGroup;
			children = (
				52E40EC41F99EF25005DCD84 /* LyricsView.h */,
				52E40EC51F99EF25005DCD84 /* Info.plist */,
			);
			path = "Supporting Files";
			sourceTree = "<group>";
		};
/* End PBXGroup section */

/* Begin PBXHeadersBuildPhase section */
		52E40EBE1F99EF25005DCD84 /* Headers */ = {
			isa = PBXHeadersBuildPhase;
			buildActionMask = 2147483647;
			files = (
				52E40ED21F99EF25005DCD84 /* LyricsView.h in Headers */,
			);
			runOnlyForDeploymentPostprocessing = 0;
		};
/* End PBXHeadersBuildPhase section */

/* Begin PBXNativeTarget section */
		52E40EC01F99EF25005DCD84 /* LyricsView */ = {
			isa = PBXNativeTarget;
			buildConfigurationList = 52E40ED51F99EF25005DCD84 /* Build configuration list for PBXNativeTarget "LyricsView" */;
			buildPhases = (
				52E40EBC1F99EF25005DCD84 /* Sources */,
				52E40EBD1F99EF25005DCD84 /* Frameworks */,
				52E40EBE1F99EF25005DCD84 /* Headers */,
				52E40EBF1F99EF25005DCD84 /* Resources */,
			);
			buildRules = (
			);
			dependencies = (
			);
			name = LyricsView;
			productName = LyricsView;
			productReference = 52E40EC11F99EF25005DCD84 /* LyricsView.framework */;
			productType = "com.apple.product-type.framework";
		};
		52E40EC91F99EF25005DCD84 /* LyricsViewTests */ = {
			isa = PBXNativeTarget;
			buildConfigurationList = 52E40ED81F99EF25005DCD84 /* Build configuration list for PBXNativeTarget "LyricsViewTests" */;
			buildPhases = (
				52E40EC61F99EF25005DCD84 /* Sources */,
				52E40EC71F99EF25005DCD84 /* Frameworks */,
				52E40EC81F99EF25005DCD84 /* Resources */,
			);
			buildRules = (
			);
			dependencies = (
				52E40ECD1F99EF25005DCD84 /* PBXTargetDependency */,
			);
			name = LyricsViewTests;
			productName = LyricsViewTests;
			productReference = 52E40ECA1F99EF25005DCD84 /* LyricsViewTests.xctest */;
			productType = "com.apple.product-type.bundle.unit-test";
		};
/* End PBXNativeTarget section */

/* Begin PBXProject section */
		52E40EB81F99EF25005DCD84 /* Project object */ = {
			isa = PBXProject;
			attributes = {
				LastSwiftUpdateCheck = 0900;
				LastUpgradeCheck = 0900;
				ORGANIZATIONNAME = Aqua;
				TargetAttributes = {
					52E40EC01F99EF25005DCD84 = {
						CreatedOnToolsVersion = 9.0;
						LastSwiftMigration = 0900;
						ProvisioningStyle = Automatic;
					};
					52E40EC91F99EF25005DCD84 = {
						CreatedOnToolsVersion = 9.0;
						ProvisioningStyle = Automatic;
					};
				};
			};
			buildConfigurationList = 52E40EBB1F99EF25005DCD84 /* Build configuration list for PBXProject "LyricsView" */;
			compatibilityVersion = "Xcode 8.0";
			developmentRegion = en;
			hasScannedForEncodings = 0;
			knownRegions = (
				en,
			);
			mainGroup = 52E40EB71F99EF25005DCD84;
			productRefGroup = 52E40EC21F99EF25005DCD84 /* Products */;
			projectDirPath = "";
			projectRoot = "";
			targets = (
				52E40EC01F99EF25005DCD84 /* LyricsView */,
				52E40EC91F99EF25005DCD84 /* LyricsViewTests */,
			);
		};
/* End PBXProject section */

/* Begin PBXResourcesBuildPhase section */
		52E40EBF1F99EF25005DCD84 /* Resources */ = {
			isa = PBXResourcesBuildPhase;
			buildActionMask = 2147483647;
			files = (
			);
			runOnlyForDeploymentPostprocessing = 0;
		};
		52E40EC81F99EF25005DCD84 /* Resources */ = {
			isa = PBXResourcesBuildPhase;
			buildActionMask = 2147483647;
			files = (
			);
			runOnlyForDeploymentPostprocessing = 0;
		};
/* End PBXResourcesBuildPhase section */

/* Begin PBXSourcesBuildPhase section */
		52E40EBC1F99EF25005DCD84 /* Sources */ = {
			isa = PBXSourcesBuildPhase;
			buildActionMask = 2147483647;
			files = (
				5291B74A1FC817EE0040EF42 /* LRCLineModel.swift in Sources */,
				52DF76621F9B908E004216A7 /* KSCPaser.swift in Sources */,
				5291B7481FC813920040EF42 /* PaserProtocol.swift in Sources */,
				52DF76631F9B908E004216A7 /* KSCModel.swift in Sources */,
				52DF765B1F9B8CFE004216A7 /* LyricsView.swift in Sources */,
				52DF76661F9B9EF6004216A7 /* LyricsTableViewCell.swift in Sources */,
				5291B73F1FC6CD1A0040EF42 /* LRCPaser.swift in Sources */,
				52E40F001F99F26A005DCD84 /* LyricsLabel.swift in Sources */,
				52DF76601F9B908E004216A7 /* LyricsProtocol.swift in Sources */,
			);
			runOnlyForDeploymentPostprocessing = 0;
		};
		52E40EC61F99EF25005DCD84 /* Sources */ = {
			isa = PBXSourcesBuildPhase;
			buildActionMask = 2147483647;
			files = (
				52E40ED01F99EF25005DCD84 /* LyricsViewTests.swift in Sources */,
				5291B74C1FC9AAD30040EF42 /* KSCPaserTests.swift in Sources */,
				5291B7411FC7D0C60040EF42 /* LRCPaserTests.swift in Sources */,
				5291B7461FC7FEC40040EF42 /* PaserBaseTestCase.swift in Sources */,
			);
			runOnlyForDeploymentPostprocessing = 0;
		};
/* End PBXSourcesBuildPhase section */

/* Begin PBXTargetDependency section */
		52E40ECD1F99EF25005DCD84 /* PBXTargetDependency */ = {
			isa = PBXTargetDependency;
			target = 52E40EC01F99EF25005DCD84 /* LyricsView */;
			targetProxy = 52E40ECC1F99EF25005DCD84 /* PBXContainerItemProxy */;
		};
/* End PBXTargetDependency section */

/* Begin XCBuildConfiguration section */
		52E40ED31F99EF25005DCD84 /* Debug */ = {
			isa = XCBuildConfiguration;
			buildSettings = {
				ALWAYS_SEARCH_USER_PATHS = NO;
				CLANG_ANALYZER_NONNULL = YES;
				CLANG_ANALYZER_NUMBER_OBJECT_CONVERSION = YES_AGGRESSIVE;
				CLANG_CXX_LANGUAGE_STANDARD = "gnu++14";
				CLANG_CXX_LIBRARY = "libc++";
				CLANG_ENABLE_MODULES = YES;
				CLANG_ENABLE_OBJC_ARC = YES;
				CLANG_WARN_BLOCK_CAPTURE_AUTORELEASING = YES;
				CLANG_WARN_BOOL_CONVERSION = YES;
				CLANG_WARN_COMMA = YES;
				CLANG_WARN_CONSTANT_CONVERSION = YES;
				CLANG_WARN_DIRECT_OBJC_ISA_USAGE = YES_ERROR;
				CLANG_WARN_DOCUMENTATION_COMMENTS = YES;
				CLANG_WARN_EMPTY_BODY = YES;
				CLANG_WARN_ENUM_CONVERSION = YES;
				CLANG_WARN_INFINITE_RECURSION = YES;
				CLANG_WARN_INT_CONVERSION = YES;
				CLANG_WARN_NON_LITERAL_NULL_CONVERSION = YES;
				CLANG_WARN_OBJC_LITERAL_CONVERSION = YES;
				CLANG_WARN_OBJC_ROOT_CLASS = YES_ERROR;
				CLANG_WARN_RANGE_LOOP_ANALYSIS = YES;
				CLANG_WARN_STRICT_PROTOTYPES = YES;
				CLANG_WARN_SUSPICIOUS_MOVE = YES;
				CLANG_WARN_UNGUARDED_AVAILABILITY = YES_AGGRESSIVE;
				CLANG_WARN_UNREACHABLE_CODE = YES;
				CLANG_WARN__DUPLICATE_METHOD_MATCH = YES;
				CODE_SIGN_IDENTITY = "iPhone Developer";
				COPY_PHASE_STRIP = NO;
				CURRENT_PROJECT_VERSION = 1;
				DEBUG_INFORMATION_FORMAT = dwarf;
				ENABLE_STRICT_OBJC_MSGSEND = YES;
				ENABLE_TESTABILITY = YES;
				GCC_C_LANGUAGE_STANDARD = gnu11;
				GCC_DYNAMIC_NO_PIC = NO;
				GCC_NO_COMMON_BLOCKS = YES;
				GCC_OPTIMIZATION_LEVEL = 0;
				GCC_PREPROCESSOR_DEFINITIONS = (
					"DEBUG=1",
					"$(inherited)",
				);
				GCC_WARN_64_TO_32_BIT_CONVERSION = YES;
				GCC_WARN_ABOUT_RETURN_TYPE = YES_ERROR;
				GCC_WARN_UNDECLARED_SELECTOR = YES;
				GCC_WARN_UNINITIALIZED_AUTOS = YES_AGGRESSIVE;
				GCC_WARN_UNUSED_FUNCTION = YES;
				GCC_WARN_UNUSED_VARIABLE = YES;
				IPHONEOS_DEPLOYMENT_TARGET = 11.0;
				MTL_ENABLE_DEBUG_INFO = YES;
				ONLY_ACTIVE_ARCH = YES;
				SDKROOT = iphoneos;
				SWIFT_ACTIVE_COMPILATION_CONDITIONS = DEBUG;
				SWIFT_OPTIMIZATION_LEVEL = "-Onone";
				VERSIONING_SYSTEM = "apple-generic";
				VERSION_INFO_PREFIX = "";
			};
			name = Debug;
		};
		52E40ED41F99EF25005DCD84 /* Release */ = {
			isa = XCBuildConfiguration;
			buildSettings = {
				ALWAYS_SEARCH_USER_PATHS = NO;
				CLANG_ANALYZER_NONNULL = YES;
				CLANG_ANALYZER_NUMBER_OBJECT_CONVERSION = YES_AGGRESSIVE;
				CLANG_CXX_LANGUAGE_STANDARD = "gnu++14";
				CLANG_CXX_LIBRARY = "libc++";
				CLANG_ENABLE_MODULES = YES;
				CLANG_ENABLE_OBJC_ARC = YES;
				CLANG_WARN_BLOCK_CAPTURE_AUTORELEASING = YES;
				CLANG_WARN_BOOL_CONVERSION = YES;
				CLANG_WARN_COMMA = YES;
				CLANG_WARN_CONSTANT_CONVERSION = YES;
				CLANG_WARN_DIRECT_OBJC_ISA_USAGE = YES_ERROR;
				CLANG_WARN_DOCUMENTATION_COMMENTS = YES;
				CLANG_WARN_EMPTY_BODY = YES;
				CLANG_WARN_ENUM_CONVERSION = YES;
				CLANG_WARN_INFINITE_RECURSION = YES;
				CLANG_WARN_INT_CONVERSION = YES;
				CLANG_WARN_NON_LITERAL_NULL_CONVERSION = YES;
				CLANG_WARN_OBJC_LITERAL_CONVERSION = YES;
				CLANG_WARN_OBJC_ROOT_CLASS = YES_ERROR;
				CLANG_WARN_RANGE_LOOP_ANALYSIS = YES;
				CLANG_WARN_STRICT_PROTOTYPES = YES;
				CLANG_WARN_SUSPICIOUS_MOVE = YES;
				CLANG_WARN_UNGUARDED_AVAILABILITY = YES_AGGRESSIVE;
				CLANG_WARN_UNREACHABLE_CODE = YES;
				CLANG_WARN__DUPLICATE_METHOD_MATCH = YES;
				CODE_SIGN_IDENTITY = "iPhone Developer";
				COPY_PHASE_STRIP = NO;
				CURRENT_PROJECT_VERSION = 1;
				DEBUG_INFORMATION_FORMAT = "dwarf-with-dsym";
				ENABLE_NS_ASSERTIONS = NO;
				ENABLE_STRICT_OBJC_MSGSEND = YES;
				GCC_C_LANGUAGE_STANDARD = gnu11;
				GCC_NO_COMMON_BLOCKS = YES;
				GCC_WARN_64_TO_32_BIT_CONVERSION = YES;
				GCC_WARN_ABOUT_RETURN_TYPE = YES_ERROR;
				GCC_WARN_UNDECLARED_SELECTOR = YES;
				GCC_WARN_UNINITIALIZED_AUTOS = YES_AGGRESSIVE;
				GCC_WARN_UNUSED_FUNCTION = YES;
				GCC_WARN_UNUSED_VARIABLE = YES;
				IPHONEOS_DEPLOYMENT_TARGET = 11.0;
				MTL_ENABLE_DEBUG_INFO = NO;
				SDKROOT = iphoneos;
				SWIFT_OPTIMIZATION_LEVEL = "-Owholemodule";
				VALIDATE_PRODUCT = YES;
				VERSIONING_SYSTEM = "apple-generic";
				VERSION_INFO_PREFIX = "";
			};
			name = Release;
		};
		52E40ED61F99EF25005DCD84 /* Debug */ = {
			isa = XCBuildConfiguration;
			buildSettings = {
				CLANG_ENABLE_MODULES = YES;
				CODE_SIGN_IDENTITY = "";
				CODE_SIGN_STYLE = Automatic;
				DEFINES_MODULE = YES;
				DEVELOPMENT_TEAM = SXRTDM2GE2;
				DYLIB_COMPATIBILITY_VERSION = 1;
				DYLIB_CURRENT_VERSION = 1;
				DYLIB_INSTALL_NAME_BASE = "@rpath";
				INFOPLIST_FILE = "$(SRCROOT)/Source/Supporting Files/Info.plist";
				INSTALL_PATH = "$(LOCAL_LIBRARY_DIR)/Frameworks";
				LD_RUNPATH_SEARCH_PATHS = "$(inherited) @executable_path/Frameworks @loader_path/Frameworks";
				PRODUCT_BUNDLE_IDENTIFIER = Aqua.LyricsView;
				PRODUCT_NAME = "$(TARGET_NAME:c99extidentifier)";
				SKIP_INSTALL = YES;
				SWIFT_OPTIMIZATION_LEVEL = "-Onone";
				SWIFT_VERSION = 4.0;
				TARGETED_DEVICE_FAMILY = "1,2";
			};
			name = Debug;
		};
		52E40ED71F99EF25005DCD84 /* Release */ = {
			isa = XCBuildConfiguration;
			buildSettings = {
				CLANG_ENABLE_MODULES = YES;
				CODE_SIGN_IDENTITY = "";
				CODE_SIGN_STYLE = Automatic;
				DEFINES_MODULE = YES;
				DEVELOPMENT_TEAM = SXRTDM2GE2;
				DYLIB_COMPATIBILITY_VERSION = 1;
				DYLIB_CURRENT_VERSION = 1;
				DYLIB_INSTALL_NAME_BASE = "@rpath";
				INFOPLIST_FILE = "$(SRCROOT)/Source/Supporting Files/Info.plist";
				INSTALL_PATH = "$(LOCAL_LIBRARY_DIR)/Frameworks";
				LD_RUNPATH_SEARCH_PATHS = "$(inherited) @executable_path/Frameworks @loader_path/Frameworks";
				PRODUCT_BUNDLE_IDENTIFIER = Aqua.LyricsView;
				PRODUCT_NAME = "$(TARGET_NAME:c99extidentifier)";
				SKIP_INSTALL = YES;
				SWIFT_VERSION = 4.0;
				TARGETED_DEVICE_FAMILY = "1,2";
			};
			name = Release;
		};
		52E40ED91F99EF25005DCD84 /* Debug */ = {
			isa = XCBuildConfiguration;
			buildSettings = {
				ALWAYS_EMBED_SWIFT_STANDARD_LIBRARIES = YES;
				CODE_SIGN_STYLE = Automatic;
				DEVELOPMENT_TEAM = SXRTDM2GE2;
				INFOPLIST_FILE = LyricsViewTests/Info.plist;
				LD_RUNPATH_SEARCH_PATHS = "$(inherited) @executable_path/Frameworks @loader_path/Frameworks";
				PRODUCT_BUNDLE_IDENTIFIER = Aqua.LyricsViewTests;
				PRODUCT_NAME = "$(TARGET_NAME)";
				SWIFT_VERSION = 4.0;
				TARGETED_DEVICE_FAMILY = "1,2";
			};
			name = Debug;
		};
		52E40EDA1F99EF25005DCD84 /* Release */ = {
			isa = XCBuildConfiguration;
			buildSettings = {
				ALWAYS_EMBED_SWIFT_STANDARD_LIBRARIES = YES;
				CODE_SIGN_STYLE = Automatic;
				DEVELOPMENT_TEAM = SXRTDM2GE2;
				INFOPLIST_FILE = LyricsViewTests/Info.plist;
				LD_RUNPATH_SEARCH_PATHS = "$(inherited) @executable_path/Frameworks @loader_path/Frameworks";
				PRODUCT_BUNDLE_IDENTIFIER = Aqua.LyricsViewTests;
				PRODUCT_NAME = "$(TARGET_NAME)";
				SWIFT_VERSION = 4.0;
				TARGETED_DEVICE_FAMILY = "1,2";
			};
			name = Release;
		};
/* End XCBuildConfiguration section */

/* Begin XCConfigurationList section */
		52E40EBB1F99EF25005DCD84 /* Build configuration list for PBXProject "LyricsView" */ = {
			isa = XCConfigurationList;
			buildConfigurations = (
				52E40ED31F99EF25005DCD84 /* Debug */,
				52E40ED41F99EF25005DCD84 /* Release */,
			);
			defaultConfigurationIsVisible = 0;
			defaultConfigurationName = Release;
		};
		52E40ED51F99EF25005DCD84 /* Build configuration list for PBXNativeTarget "LyricsView" */ = {
			isa = XCConfigurationList;
			buildConfigurations = (
				52E40ED61F99EF25005DCD84 /* Debug */,
				52E40ED71F99EF25005DCD84 /* Release */,
			);
			defaultConfigurationIsVisible = 0;
			defaultConfigurationName = Release;
		};
		52E40ED81F99EF25005DCD84 /* Build configuration list for PBXNativeTarget "LyricsViewTests" */ = {
			isa = XCConfigurationList;
			buildConfigurations = (
				52E40ED91F99EF25005DCD84 /* Debug */,
				52E40EDA1F99EF25005DCD84 /* Release */,
			);
			defaultConfigurationIsVisible = 0;
			defaultConfigurationName = Release;
		};
/* End XCConfigurationList section */
	};
	rootObject = 52E40EB81F99EF25005DCD84 /* Project object */;
}
